// !$*UTF8*$!
{
	archiveVersion = 1;
	classes = {
	};
	objectVersion = 46;
	objects = {

/* Begin PBXBuildFile section */
		25AC3FBD1A74DF8E0093AC3B /* main.m in Sources */ = {isa = PBXBuildFile; fileRef = 25AC3FBC1A74DF8E0093AC3B /* main.m */; };
		25AC3FC01A74DF8E0093AC3B /* AppDelegate.m in Sources */ = {isa = PBXBuildFile; fileRef = 25AC3FBF1A74DF8E0093AC3B /* AppDelegate.m */; };
		25AC3FC31A74DF8E0093AC3B /* ViewController.m in Sources */ = {isa = PBXBuildFile; fileRef = 25AC3FC21A74DF8E0093AC3B /* ViewController.m */; };
		25AC3FC61A74DF8E0093AC3B /* Main.storyboard in Resources */ = {isa = PBXBuildFile; fileRef = 25AC3FC41A74DF8E0093AC3B /* Main.storyboard */; };
		25AC3FC81A74DF8E0093AC3B /* Images.xcassets in Resources */ = {isa = PBXBuildFile; fileRef = 25AC3FC71A74DF8E0093AC3B /* Images.xcassets */; };
		25AC3FCB1A74DF8E0093AC3B /* LaunchScreen.xib in Resources */ = {isa = PBXBuildFile; fileRef = 25AC3FC91A74DF8E0093AC3B /* LaunchScreen.xib */; };
		25AC3FD71A74DF8E0093AC3B /* CoffeeRunTests.m in Sources */ = {isa = PBXBuildFile; fileRef = 25AC3FD61A74DF8E0093AC3B /* CoffeeRunTests.m */; };
/* End PBXBuildFile section */

/* Begin PBXContainerItemProxy section */
		25AC3FD11A74DF8E0093AC3B /* PBXContainerItemProxy */ = {
			isa = PBXContainerItemProxy;
			containerPortal = 25AC3FAF1A74DF8D0093AC3B /* Project object */;
			proxyType = 1;
			remoteGlobalIDString = 25AC3FB61A74DF8D0093AC3B;
			remoteInfo = CoffeeRun;
		};
/* End PBXContainerItemProxy section */

/* Begin PBXFileReference section */
		25AC3FB71A74DF8D0093AC3B /* CoffeeRun.app */ = {isa = PBXFileReference; explicitFileType = wrapper.application; includeInIndex = 0; path = CoffeeRun.app; sourceTree = BUILT_PRODUCTS_DIR; };
		25AC3FBB1A74DF8E0093AC3B /* Info.plist */ = {isa = PBXFileReference; lastKnownFileType = text.plist.xml; path = Info.plist; sourceTree = "<group>"; };
		25AC3FBC1A74DF8E0093AC3B /* main.m */ = {isa = PBXFileReference; lastKnownFileType = sourcecode.c.objc; path = main.m; sourceTree = "<group>"; };
		25AC3FBE1A74DF8E0093AC3B /* AppDelegate.h */ = {isa = PBXFileReference; lastKnownFileType = sourcecode.c.h; path = AppDelegate.h; sourceTree = "<group>"; };
		25AC3FBF1A74DF8E0093AC3B /* AppDelegate.m */ = {isa = PBXFileReference; lastKnownFileType = sourcecode.c.objc; path = AppDelegate.m; sourceTree = "<group>"; };
		25AC3FC11A74DF8E0093AC3B /* ViewController.h */ = {isa = PBXFileReference; lastKnownFileType = sourcecode.c.h; path = ViewController.h; sourceTree = "<group>"; };
		25AC3FC21A74DF8E0093AC3B /* ViewController.m */ = {isa = PBXFileReference; lastKnownFileType = sourcecode.c.objc; path = ViewController.m; sourceTree = "<group>"; };
		25AC3FC51A74DF8E0093AC3B /* Base */ = {isa = PBXFileReference; lastKnownFileType = file.storyboard; name = Base; path = Base.lproj/Main.storyboard; sourceTree = "<group>"; };
		25AC3FC71A74DF8E0093AC3B /* Images.xcassets */ = {isa = PBXFileReference; lastKnownFileType = folder.assetcatalog; path = Images.xcassets; sourceTree = "<group>"; };
		25AC3FCA1A74DF8E0093AC3B /* Base */ = {isa = PBXFileReference; lastKnownFileType = file.xib; name = Base; path = Base.lproj/LaunchScreen.xib; sourceTree = "<group>"; };
		25AC3FD01A74DF8E0093AC3B /* CoffeeRunTests.xctest */ = {isa = PBXFileReference; explicitFileType = wrapper.cfbundle; includeInIndex = 0; path = CoffeeRunTests.xctest; sourceTree = BUILT_PRODUCTS_DIR; };
		25AC3FD51A74DF8E0093AC3B /* Info.plist */ = {isa = PBXFileReference; lastKnownFileType = text.plist.xml; path = Info.plist; sourceTree = "<group>"; };
		25AC3FD61A74DF8E0093AC3B /* CoffeeRunTests.m */ = {isa = PBXFileReference; lastKnownFileType = sourcecode.c.objc; path = CoffeeRunTests.m; sourceTree = "<group>"; };
/* End PBXFileReference section */

/* Begin PBXFrameworksBuildPhase section */
		25AC3FB41A74DF8D0093AC3B /* Frameworks */ = {
			isa = PBXFrameworksBuildPhase;
			buildActionMask = 2147483647;
			files = (
			);
			runOnlyForDeploymentPostprocessing = 0;
		};
		25AC3FCD1A74DF8E0093AC3B /* Frameworks */ = {
			isa = PBXFrameworksBuildPhase;
			buildActionMask = 2147483647;
			files = (
			);
			runOnlyForDeploymentPostprocessing = 0;
		};
/* End PBXFrameworksBuildPhase section */

/* Begin PBXGroup section */
		25AC3FAE1A74DF8D0093AC3B = {
			isa = PBXGroup;
			children = (
				25AC3FB91A74DF8E0093AC3B /* CoffeeRun */,
				25AC3FD31A74DF8E0093AC3B /* CoffeeRunTests */,
				25AC3FB81A74DF8D0093AC3B /* Products */,
			);
			sourceTree = "<group>";
		};
		25AC3FB81A74DF8D0093AC3B /* Products */ = {
			isa = PBXGroup;
			children = (
				25AC3FB71A74DF8D0093AC3B /* CoffeeRun.app */,
				25AC3FD01A74DF8E0093AC3B /* CoffeeRunTests.xctest */,
			);
			name = Products;
			sourceTree = "<group>";
		};
		25AC3FB91A74DF8E0093AC3B /* CoffeeRun */ = {
			isa = PBXGroup;
			children = (
				25AC3FBE1A74DF8E0093AC3B /* AppDelegate.h */,
				25AC3FBF1A74DF8E0093AC3B /* AppDelegate.m */,
				25AC3FC11A74DF8E0093AC3B /* ViewController.h */,
				25AC3FC21A74DF8E0093AC3B /* ViewController.m */,
				25AC3FC41A74DF8E0093AC3B /* Main.storyboard */,
				25AC3FC71A74DF8E0093AC3B /* Images.xcassets */,
				25AC3FC91A74DF8E0093AC3B /* LaunchScreen.xib */,
				25AC3FBA1A74DF8E0093AC3B /* Supporting Files */,
			);
			path = CoffeeRun;
			sourceTree = "<group>";
		};
		25AC3FBA1A74DF8E0093AC3B /* Supporting Files */ = {
			isa = PBXGroup;
			children = (
				25AC3FBB1A74DF8E0093AC3B /* Info.plist */,
				25AC3FBC1A74DF8E0093AC3B /* main.m */,
			);
			name = "Supporting Files";
			sourceTree = "<group>";
		};
		25AC3FD31A74DF8E0093AC3B /* CoffeeRunTests */ = {
			isa = PBXGroup;
			children = (
				25AC3FD61A74DF8E0093AC3B /* CoffeeRunTests.m */,
				25AC3FD41A74DF8E0093AC3B /* Supporting Files */,
			);
			path = CoffeeRunTests;
			sourceTree = "<group>";
		};
		25AC3FD41A74DF8E0093AC3B /* Supporting Files */ = {
			isa = PBXGroup;
			children = (
				25AC3FD51A74DF8E0093AC3B /* Info.plist */,
			);
			name = "Supporting Files";
			sourceTree = "<group>";
		};
/* End PBXGroup section */

/* Begin PBXNativeTarget section */
		25AC3FB61A74DF8D0093AC3B /* CoffeeRun */ = {
			isa = PBXNativeTarget;
			buildConfigurationList = 25AC3FDA1A74DF8E0093AC3B /* Build configuration list for PBXNativeTarget "CoffeeRun" */;
			buildPhases = (
				25AC3FB31A74DF8D0093AC3B /* Sources */,
				25AC3FB41A74DF8D0093AC3B /* Frameworks */,
				25AC3FB51A74DF8D0093AC3B /* Resources */,
			);
			buildRules = (
			);
			dependencies = (
			);
			name = CoffeeRun;
			productName = CoffeeRun;
			productReference = 25AC3FB71A74DF8D0093AC3B /* CoffeeRun.app */;
			productType = "com.apple.product-type.application";
		};
		25AC3FCF1A74DF8E0093AC3B /* CoffeeRunTests */ = {
			isa = PBXNativeTarget;
			buildConfigurationList = 25AC3FDD1A74DF8E0093AC3B /* Build configuration list for PBXNativeTarget "CoffeeRunTests" */;
			buildPhases = (
				25AC3FCC1A74DF8E0093AC3B /* Sources */,
				25AC3FCD1A74DF8E0093AC3B /* Frameworks */,
				25AC3FCE1A74DF8E0093AC3B /* Resources */,
			);
			buildRules = (
			);
			dependencies = (
				25AC3FD21A74DF8E0093AC3B /* PBXTargetDependency */,
			);
			name = CoffeeRunTests;
			productName = CoffeeRunTests;
			productReference = 25AC3FD01A74DF8E0093AC3B /* CoffeeRunTests.xctest */;
			productType = "com.apple.product-type.bundle.unit-test";
		};
/* End PBXNativeTarget section */

/* Begin PBXProject section */
		25AC3FAF1A74DF8D0093AC3B /* Project object */ = {
			isa = PBXProject;
			attributes = {
				LastUpgradeCheck = 0610;
				ORGANIZATIONNAME = Doubleloop;
				TargetAttributes = {
					25AC3FB61A74DF8D0093AC3B = {
						CreatedOnToolsVersion = 6.1.1;
					};
					25AC3FCF1A74DF8E0093AC3B = {
						CreatedOnToolsVersion = 6.1.1;
						TestTargetID = 25AC3FB61A74DF8D0093AC3B;
					};
				};
			};
			buildConfigurationList = 25AC3FB21A74DF8D0093AC3B /* Build configuration list for PBXProject "CoffeeRun" */;
			compatibilityVersion = "Xcode 3.2";
			developmentRegion = English;
			hasScannedForEncodings = 0;
			knownRegions = (
				en,
				Base,
			);
			mainGroup = 25AC3FAE1A74DF8D0093AC3B;
			productRefGroup = 25AC3FB81A74DF8D0093AC3B /* Products */;
			projectDirPath = "";
			projectRoot = "";
			targets = (
				25AC3FB61A74DF8D0093AC3B /* CoffeeRun */,
				25AC3FCF1A74DF8E0093AC3B /* CoffeeRunTests */,
			);
		};
/* End PBXProject section */

/* Begin PBXResourcesBuildPhase section */
		25AC3FB51A74DF8D0093AC3B /* Resources */ = {
			isa = PBXResourcesBuildPhase;
			buildActionMask = 2147483647;
			files = (
				25AC3FC61A74DF8E0093AC3B /* Main.storyboard in Resources */,
				25AC3FCB1A74DF8E0093AC3B /* LaunchScreen.xib in Resources */,
				25AC3FC81A74DF8E0093AC3B /* Images.xcassets in Resources */,
			);
			runOnlyForDeploymentPostprocessing = 0;
		};
		25AC3FCE1A74DF8E0093AC3B /* Resources */ = {
			isa = PBXResourcesBuildPhase;
			buildActionMask = 2147483647;
			files = (
			);
			runOnlyForDeploymentPostprocessing = 0;
		};
/* End PBXResourcesBuildPhase section */

/* Begin PBXSourcesBuildPhase section */
		25AC3FB31A74DF8D0093AC3B /* Sources */ = {
			isa = PBXSourcesBuildPhase;
			buildActionMask = 2147483647;
			files = (
				25AC3FC31A74DF8E0093AC3B /* ViewController.m in Sources */,
				25AC3FC01A74DF8E0093AC3B /* AppDelegate.m in Sources */,
				25AC3FBD1A74DF8E0093AC3B /* main.m in Sources */,
			);
			runOnlyForDeploymentPostprocessing = 0;
		};
		25AC3FCC1A74DF8E0093AC3B /* Sources */ = {
			isa = PBXSourcesBuildPhase;
			buildActionMask = 2147483647;
			files = (
				25AC3FD71A74DF8E0093AC3B /* CoffeeRunTests.m in Sources */,
			);
			runOnlyForDeploymentPostprocessing = 0;
		};
/* End PBXSourcesBuildPhase section */

/* Begin PBXTargetDependency section */
		25AC3FD21A74DF8E0093AC3B /* PBXTargetDependency */ = {
			isa = PBXTargetDependency;
			target = 25AC3FB61A74DF8D0093AC3B /* CoffeeRun */;
			targetProxy = 25AC3FD11A74DF8E0093AC3B /* PBXContainerItemProxy */;
		};
/* End PBXTargetDependency section */

/* Begin PBXVariantGroup section */
		25AC3FC41A74DF8E0093AC3B /* Main.storyboard */ = {
			isa = PBXVariantGroup;
			children = (
				25AC3FC51A74DF8E0093AC3B /* Base */,
			);
			name = Main.storyboard;
			sourceTree = "<group>";
		};
		25AC3FC91A74DF8E0093AC3B /* LaunchScreen.xib */ = {
			isa = PBXVariantGroup;
			children = (
				25AC3FCA1A74DF8E0093AC3B /* Base */,
			);
			name = LaunchScreen.xib;
			sourceTree = "<group>";
		};
/* End PBXVariantGroup section */

/* Begin XCBuildConfiguration section */
		25AC3FD81A74DF8E0093AC3B /* Debug */ = {
			isa = XCBuildConfiguration;
			buildSettings = {
				ALWAYS_SEARCH_USER_PATHS = NO;
				CLANG_CXX_LANGUAGE_STANDARD = "gnu++0x";
				CLANG_CXX_LIBRARY = "libc++";
				CLANG_ENABLE_MODULES = YES;
				CLANG_ENABLE_OBJC_ARC = YES;
				CLANG_WARN_BOOL_CONVERSION = YES;
				CLANG_WARN_CONSTANT_CONVERSION = YES;
				CLANG_WARN_DIRECT_OBJC_ISA_USAGE = YES_ERROR;
				CLANG_WARN_EMPTY_BODY = YES;
				CLANG_WARN_ENUM_CONVERSION = YES;
				CLANG_WARN_INT_CONVERSION = YES;
				CLANG_WARN_OBJC_ROOT_CLASS = YES_ERROR;
				CLANG_WARN_UNREACHABLE_CODE = YES;
				CLANG_WARN__DUPLICATE_METHOD_MATCH = YES;
				"CODE_SIGN_IDENTITY[sdk=iphoneos*]" = "iPhone Developer";
				COPY_PHASE_STRIP = NO;
				ENABLE_STRICT_OBJC_MSGSEND = YES;
				GCC_C_LANGUAGE_STANDARD = gnu99;
				GCC_DYNAMIC_NO_PIC = NO;
				GCC_OPTIMIZATION_LEVEL = 0;
				GCC_PREPROCESSOR_DEFINITIONS = (
					"DEBUG=1",
					"$(inherited)",
				);
				GCC_SYMBOLS_PRIVATE_EXTERN = NO;
				GCC_WARN_64_TO_32_BIT_CONVERSION = YES;
				GCC_WARN_ABOUT_RETURN_TYPE = YES_ERROR;
				GCC_WARN_UNDECLARED_SELECTOR = YES;
				GCC_WARN_UNINITIALIZED_AUTOS = YES_AGGRESSIVE;
				GCC_WARN_UNUSED_FUNCTION = YES;
				GCC_WARN_UNUSED_VARIABLE = YES;
				IPHONEOS_DEPLOYMENT_TARGET = 8.1;
				MTL_ENABLE_DEBUG_INFO = YES;
				ONLY_ACTIVE_ARCH = YES;
				SDKROOT = iphoneos;
				TARGETED_DEVICE_FAMILY = "1,2";
			};
			name = Debug;
		};
		25AC3FD91A74DF8E0093AC3B /* Release */ = {
			isa = XCBuildConfiguration;
			buildSettings = {
				ALWAYS_SEARCH_USER_PATHS = NO;
				CLANG_CXX_LANGUAGE_STANDARD = "gnu++0x";
				CLANG_CXX_LIBRARY = "libc++";
				CLANG_ENABLE_MODULES = YES;
				CLANG_ENABLE_OBJC_ARC = YES;
				CLANG_WARN_BOOL_CONVERSION = YES;
				CLANG_WARN_CONSTANT_CONVERSION = YES;
				CLANG_WARN_DIRECT_OBJC_ISA_USAGE = YES_ERROR;
				CLANG_WARN_EMPTY_BODY = YES;
				CLANG_WARN_ENUM_CONVERSION = YES;
				CLANG_WARN_INT_CONVERSION = YES;
				CLANG_WARN_OBJC_ROOT_CLASS = YES_ERROR;
				CLANG_WARN_UNREACHABLE_CODE = YES;
				CLANG_WARN__DUPLICATE_METHOD_MATCH = YES;
				"CODE_SIGN_IDENTITY[sdk=iphoneos*]" = "iPhone Developer";
				COPY_PHASE_STRIP = YES;
				ENABLE_NS_ASSERTIONS = NO;
				ENABLE_STRICT_OBJC_MSGSEND = YES;
				GCC_C_LANGUAGE_STANDARD = gnu99;
				GCC_WARN_64_TO_32_BIT_CONVERSION = YES;
				GCC_WARN_ABOUT_RETURN_TYPE = YES_ERROR;
				GCC_WARN_UNDECLARED_SELECTOR = YES;
				GCC_WARN_UNINITIALIZED_AUTOS = YES_AGGRESSIVE;
				GCC_WARN_UNUSED_FUNCTION = YES;
				GCC_WARN_UNUSED_VARIABLE = YES;
				IPHONEOS_DEPLOYMENT_TARGET = 8.1;
				MTL_ENABLE_DEBUG_INFO = NO;
				SDKROOT = iphoneos;
				TARGETED_DEVICE_FAMILY = "1,2";
				VALIDATE_PRODUCT = YES;
			};
			name = Release;
		};
		25AC3FDB1A74DF8E0093AC3B /* Debug */ = {
			isa = XCBuildConfiguration;
			buildSettings = {
				ASSETCATALOG_COMPILER_APPICON_NAME = AppIcon;
				INFOPLIST_FILE = CoffeeRun/Info.plist;
				LD_RUNPATH_SEARCH_PATHS = "$(inherited) @executable_path/Frameworks";
				PRODUCT_NAME = "$(TARGET_NAME)";
			};
			name = Debug;
		};
		25AC3FDC1A74DF8E0093AC3B /* Release */ = {
			isa = XCBuildConfiguration;
			buildSettings = {
				ASSETCATALOG_COMPILER_APPICON_NAME = AppIcon;
				INFOPLIST_FILE = CoffeeRun/Info.plist;
				LD_RUNPATH_SEARCH_PATHS = "$(inherited) @executable_path/Frameworks";
				PRODUCT_NAME = "$(TARGET_NAME)";
			};
			name = Release;
		};
		25AC3FDE1A74DF8E0093AC3B /* Debug */ = {
			isa = XCBuildConfiguration;
			buildSettings = {
				BUNDLE_LOADER = "$(TEST_HOST)";
				FRAMEWORK_SEARCH_PATHS = (
					"$(SDKROOT)/Developer/Library/Frameworks",
					"$(inherited)",
				);
				GCC_PREPROCESSOR_DEFINITIONS = (
					"DEBUG=1",
					"$(inherited)",
				);
				INFOPLIST_FILE = CoffeeRunTests/Info.plist;
				LD_RUNPATH_SEARCH_PATHS = "$(inherited) @executable_path/Frameworks @loader_path/Frameworks";
				PRODUCT_NAME = "$(TARGET_NAME)";
				TEST_HOST = "$(BUILT_PRODUCTS_DIR)/CoffeeRun.app/CoffeeRun";
			};
			name = Debug;
		};
		25AC3FDF1A74DF8E0093AC3B /* Release */ = {
			isa = XCBuildConfiguration;
			buildSettings = {
				BUNDLE_LOADER = "$(TEST_HOST)";
				FRAMEWORK_SEARCH_PATHS = (
					"$(SDKROOT)/Developer/Library/Frameworks",
					"$(inherited)",
				);
				INFOPLIST_FILE = CoffeeRunTests/Info.plist;
				LD_RUNPATH_SEARCH_PATHS = "$(inherited) @executable_path/Frameworks @loader_path/Frameworks";
				PRODUCT_NAME = "$(TARGET_NAME)";
				TEST_HOST = "$(BUILT_PRODUCTS_DIR)/CoffeeRun.app/CoffeeRun";
			};
			name = Release;
		};
/* End XCBuildConfiguration section */

/* Begin XCConfigurationList section */
		25AC3FB21A74DF8D0093AC3B /* Build configuration list for PBXProject "CoffeeRun" */ = {
			isa = XCConfigurationList;
			buildConfigurations = (
				25AC3FD81A74DF8E0093AC3B /* Debug */,
				25AC3FD91A74DF8E0093AC3B /* Release */,
			);
			defaultConfigurationIsVisible = 0;
			defaultConfigurationName = Release;
		};
		25AC3FDA1A74DF8E0093AC3B /* Build configuration list for PBXNativeTarget "CoffeeRun" */ = {
			isa = XCConfigurationList;
			buildConfigurations = (
				25AC3FDB1A74DF8E0093AC3B /* Debug */,
				25AC3FDC1A74DF8E0093AC3B /* Release */,
			);
			defaultConfigurationIsVisible = 0;
		};
		25AC3FDD1A74DF8E0093AC3B /* Build configuration list for PBXNativeTarget "CoffeeRunTests" */ = {
			isa = XCConfigurationList;
			buildConfigurations = (
				25AC3FDE1A74DF8E0093AC3B /* Debug */,
				25AC3FDF1A74DF8E0093AC3B /* Release */,
			);
			defaultConfigurationIsVisible = 0;
		};
/* End XCConfigurationList section */
	};
	rootObject = 25AC3FAF1A74DF8D0093AC3B /* Project object */;
}
